{
  "version": 4,
  "terraform_version": "1.8.2",
  "serial": 1,
  "lineage": "8a4c193e-19d7-a71d-fe4d-84a185e5ccd8",
  "outputs": {},
  "resources": [
    {
      "mode": "managed",
      "type": "local_file",
      "name": "powitanie",
      "provider": "provider[\"registry.terraform.io/hashicorp/local\"]",
      "instances": [
        {
          "schema_version": 0,
          "attributes": {
            "content": "print('Witaj na pierwszych zajęciach')",
            "content_base64": null,
            "content_base64sha256": "RRHh02i1Cbs+bhbHn6YIidRFwExqorZz03dxiaE2eSs=",
            "content_base64sha512": "rIS2W48WfdqRMqwA/pFUuav5+iOj+3zo1YJnoJLaxzMhxNzoGA54iXRvCdlDw93K0hI3uDRu3rh+m8xbM2+dfg==",
            "content_md5": "8e40911d3227ca000a3ff5f3da25d76e",
            "content_sha1": "2232fab70647bcc85a84a7551088d0f73057872f",
            "content_sha256": "4511e1d368b509bb3e6e16c79fa60889d445c04c6aa2b673d3777189a136792b",
            "content_sha512": "ac84b65b8f167dda9132ac00fe9154b9abf9fa23a3fb7ce8d58267a092dac73321c4dce8180e7889746f09d943c3ddcad21237b8346edeb87e9bcc5b336f9d7e",
            "directory_permission": "0777",
            "file_permission": "0777",
            "filename": "powitanie.py",
            "id": "2232fab70647bcc85a84a7551088d0f73057872f",
            "sensitive_content": null,
            "source": null
          },
          "sensitive_attributes": [
            [
              {
                "type": "get_attr",
                "value": "sensitive_content"
              }
            ]
          ]
        }
      ]
    }
  ],
  "check_results": null
}
